
Microsoft Visual Studio Solution File, Format Version 12.00
# Visual Studio 15
VisualStudioVersion = 15.0.28010.2041
MinimumVisualStudioVersion = 10.0.40219.1
Project("{FAE04EC0-301F-11D3-BF4B-00C04F79EFBC}") = "WeatherQuery", "WeatherQuery\WeatherQuery.csproj", "{A4B0E62F-B025-4320-B433-213171EC6FAB}"
EndProject
Global
	GlobalSection(SolutionConfigurationPlatforms) = preSolution
		Debug|Any CPU = Debug|Any CPU
		Release|Any CPU = Release|Any CPU
	EndGlobalSection
	GlobalSection(ProjectConfigurationPlatforms) = postSolution
		{A4B0E62F-B025-4320-B433-213171EC6FAB}.Debug|Any CPU.ActiveCfg = Debug|Any CPU
		{A4B0E62F-B025-4320-B433-213171EC6FAB}.Debug|Any CPU.Build.0 = Debug|Any CPU
		{A4B0E62F-B025-4320-B433-213171EC6FAB}.Release|Any CPU.ActiveCfg = Release|Any CPU
		{A4B0E62F-B025-4320-B433-213171EC6FAB}.Release|Any CPU.Build.0 = Release|Any CPU
	EndGlobalSection
	GlobalSection(SolutionProperties) = preSolution
		HideSolutionNode = FALSE
	EndGlobalSection
	GlobalSection(ExtensibilityGlobals) = postSolution
		SolutionGuid = {F1090658-F33F-4294-A96F-19D96A06434A}
	EndGlobalSection
EndGlobal
